<?xml version="1.0" encoding="utf-8"?>
<Project ToolsVersion="4.0" xmlns="http://schemas.microsoft.com/developer/msbuild/2003">
  <ItemGroup>
    <Filter Include="search">
      <UniqueIdentifier>{b00b4f94-7617-4edd-83e9-3cc857384045}</UniqueIdentifier>
    </Filter>
    <Filter Include="utilities">
      <UniqueIdentifier>{745b9f8e-5660-4c1f-b2d4-8f13e7a4254b}</UniqueIdentifier>
    </Filter>
    <Filter Include="registration">
      <UniqueIdentifier>{1979801d-e5c4-454d-a7dd-7d5ef37aa989}</UniqueIdentifier>
    </Filter>
    <Filter Include="examples">
      <UniqueIdentifier>{6f4b91cc-e832-464f-a017-e6eb4888df72}</UniqueIdentifier>
    </Filter>
  </ItemGroup>
  <ItemGroup>
    <ClInclude Include="utilities\cuda_smart_ptr.h">
      <Filter>utilities</Filter>
    </ClInclude>
    <ClInclude Include="utilities\cuda_utilities.h">
      <Filter>utilities</Filter>
    </ClInclude>
    <ClInclude Include="utilities\types.h">
      <Filter>utilities</Filter>
    </ClInclude>
    <ClInclude Include="utilities\utilities.h">
      <Filter>utilities</Filter>
    </ClInclude>
    <ClInclude Include="search\octree_cuda.h">
      <Filter>search</Filter>
    </ClInclude>
    <ClInclude Include="search\octree_cuda.hpp">
      <Filter>search</Filter>
    </ClInclude>
    <ClInclude Include="search\search_cuda.cuh">
      <Filter>search</Filter>
    </ClInclude>
    <ClInclude Include="search\search_cuda.h">
      <Filter>search</Filter>
    </ClInclude>
    <ClInclude Include="search\search_cuda.hpp">
      <Filter>search</Filter>
    </ClInclude>
    <ClInclude Include="registration\accumulative_registration.h">
      <Filter>registration</Filter>
    </ClInclude>
    <ClInclude Include="registration\icp_cuda.h">
      <Filter>registration</Filter>
    </ClInclude>
    <ClInclude Include="registration\icp_cuda.hpp">
      <Filter>registration</Filter>
    </ClInclude>
    <ClInclude Include="registration\mst_registration.h">
      <Filter>registration</Filter>
    </ClInclude>
    <ClInclude Include="registration\mst_registration.hpp">
      <Filter>registration</Filter>
    </ClInclude>
    <ClInclude Include="registration\multiview_registration.h">
      <Filter>registration</Filter>
    </ClInclude>
    <ClInclude Include="registration\multiview_registration.hpp">
      <Filter>registration</Filter>
    </ClInclude>
    <ClInclude Include="registration\pose_graph_optim.h">
      <Filter>registration</Filter>
    </ClInclude>
    <ClInclude Include="registration\registration_cuda.cuh">
      <Filter>registration</Filter>
    </ClInclude>
    <ClInclude Include="registration\sequential_registration.h">
      <Filter>registration</Filter>
    </ClInclude>
  </ItemGroup>
  <ItemGroup>
    <CudaCompile Include="search\search_cuda.cu">
      <Filter>search</Filter>
    </CudaCompile>
    <CudaCompile Include="registration\registartion_cuda.cu">
      <Filter>registration</Filter>
    </CudaCompile>
  </ItemGroup>
  <ItemGroup>
    <ClCompile Include="examples\ICPCuda.cpp">
      <Filter>examples</Filter>
    </ClCompile>
  </ItemGroup>
</Project>